
Microsoft Visual Studio Solution File, Format Version 12.00
# Visual Studio Version 16
VisualStudioVersion = 16.0.33529.622
MinimumVisualStudioVersion = 10.0.40219.1
Project("{8BC9CEB8-8B4A-11D0-8D11-00A0C91BC942}") = "d3d_sample", "d3d_sample\d3d_sample.vcxproj", "{47CFB099-9214-492B-9435-16606C6140CD}"
EndProject
Global
	GlobalSection(SolutionConfigurationPlatforms) = preSolution
		Debug|x64 = Debug|x64
		Debug|x86 = Debug|x86
		Release|x64 = Release|x64
		Release|x86 = Release|x86
	EndGlobalSection
	GlobalSection(ProjectConfigurationPlatforms) = postSolution
		{47CFB099-9214-492B-9435-16606C6140CD}.Debug|x64.ActiveCfg = Debug|x64
		{47CFB099-9214-492B-9435-16606C6140CD}.Debug|x64.Build.0 = Debug|x64
		{47CFB099-9214-492B-9435-16606C6140CD}.Debug|x86.ActiveCfg = Debug|Win32
		{47CFB099-9214-492B-9435-16606C6140CD}.Debug|x86.Build.0 = Debug|Win32
		{47CFB099-9214-492B-9435-16606C6140CD}.Release|x64.ActiveCfg = Release|x64
		{47CFB099-9214-492B-9435-16606C6140CD}.Release|x64.Build.0 = Release|x64
		{47CFB099-9214-492B-9435-16606C6140CD}.Release|x86.ActiveCfg = Release|Win32
		{47CFB099-9214-492B-9435-16606C6140CD}.Release|x86.Build.0 = Release|Win32
	EndGlobalSection
	GlobalSection(SolutionProperties) = preSolution
		HideSolutionNode = FALSE
	EndGlobalSection
	GlobalSection(ExtensibilityGlobals) = postSolution
		SolutionGuid = {6AC7ADA5-B29D-4B4F-B788-C6661B43956D}
	EndGlobalSection
EndGlobal
